
Microsoft Visual Studio Solution File, Format Version 11.00
# Visual Studio 2010
Project("{FAE04EC0-301F-11D3-BF4B-00C04F79EFBC}") = "UTM2LATSqlServerLibrary", "UTM2LATSqlServerLibrary\UTM2LATSqlServerLibrary.csproj", "{8165C496-3341-49F5-954E-1A85EFAAB982}"
EndProject
Global
	GlobalSection(SolutionConfigurationPlatforms) = preSolution
		Debug|Any CPU = Debug|Any CPU
		Release|Any CPU = Release|Any CPU
	EndGlobalSection
	GlobalSection(ProjectConfigurationPlatforms) = postSolution
		{8165C496-3341-49F5-954E-1A85EFAAB982}.Debug|Any CPU.ActiveCfg = Release|Any CPU
		{8165C496-3341-49F5-954E-1A85EFAAB982}.Debug|Any CPU.Build.0 = Release|Any CPU
		{8165C496-3341-49F5-954E-1A85EFAAB982}.Release|Any CPU.ActiveCfg = Release|Any CPU
		{8165C496-3341-49F5-954E-1A85EFAAB982}.Release|Any CPU.Build.0 = Release|Any CPU
	EndGlobalSection
	GlobalSection(SolutionProperties) = preSolution
		HideSolutionNode = FALSE
	EndGlobalSection
EndGlobal
